
Microsoft Visual Studio Solution File, Format Version 12.00
# Visual Studio Version 16
VisualStudioVersion = 16.0.29728.190
MinimumVisualStudioVersion = 10.0.40219.1
Project("{FAE04EC0-301F-11D3-BF4B-00C04F79EFBC}") = "Skladiste", "Skladiste\Skladiste.csproj", "{CDA061AB-3261-4995-B5A1-E4C65DCDB5CB}"
EndProject
Global
	GlobalSection(SolutionConfigurationPlatforms) = preSolution
		Debug|Any CPU = Debug|Any CPU
		Release|Any CPU = Release|Any CPU
	EndGlobalSection
	GlobalSection(ProjectConfigurationPlatforms) = postSolution
		{CDA061AB-3261-4995-B5A1-E4C65DCDB5CB}.Debug|Any CPU.ActiveCfg = Debug|Any CPU
		{CDA061AB-3261-4995-B5A1-E4C65DCDB5CB}.Debug|Any CPU.Build.0 = Debug|Any CPU
		{CDA061AB-3261-4995-B5A1-E4C65DCDB5CB}.Release|Any CPU.ActiveCfg = Release|Any CPU
		{CDA061AB-3261-4995-B5A1-E4C65DCDB5CB}.Release|Any CPU.Build.0 = Release|Any CPU
	EndGlobalSection
	GlobalSection(SolutionProperties) = preSolution
		HideSolutionNode = FALSE
	EndGlobalSection
	GlobalSection(ExtensibilityGlobals) = postSolution
		SolutionGuid = {5FBBF3A5-BC9A-418F-8D71-47324B41ED52}
	EndGlobalSection
EndGlobal
